
Microsoft Visual Studio Solution File, Format Version 12.00
# Visual Studio Version 17
VisualStudioVersion = 17.2.32630.192
MinimumVisualStudioVersion = 10.0.40219.1
Project("{9A19103F-16F7-4668-BE54-9A1E7A4F7556}") = "DAL", "DAL\DAL.csproj", "{5E7B4DD6-FB97-46C1-A1F7-ADF9E93BD3F4}"
EndProject
Project("{9A19103F-16F7-4668-BE54-9A1E7A4F7556}") = "ReportViewerConsoleApp", "ReportViewerConsoleApp\ReportViewerConsoleApp.csproj", "{D740A117-70A7-4786-96D6-BE86B363CCB3}"
EndProject
Project("{9A19103F-16F7-4668-BE54-9A1E7A4F7556}") = "ReportViewerWinFormsApp", "ReportViewerWinFormsApp\ReportViewerWinFormsApp.csproj", "{E0F04E30-5126-4367-9170-C0C28D3B6DDA}"
EndProject
Project("{9A19103F-16F7-4668-BE54-9A1E7A4F7556}") = "ReportViewerMvcWebApplication", "ReportViewerMvcWebApplication\ReportViewerMvcWebApplication.csproj", "{11FB1FBC-E6BD-491F-8D4B-29A7B2093F06}"
EndProject
Project("{9A19103F-16F7-4668-BE54-9A1E7A4F7556}") = "ReportViewerWebApi", "ReportViewerWebApi\ReportViewerWebApi.csproj", "{047D8AFD-A910-45BE-ADAA-9046452CA342}"
EndProject
Global
	GlobalSection(SolutionConfigurationPlatforms) = preSolution
		Debug|Any CPU = Debug|Any CPU
		Release|Any CPU = Release|Any CPU
	EndGlobalSection
	GlobalSection(ProjectConfigurationPlatforms) = postSolution
		{5E7B4DD6-FB97-46C1-A1F7-ADF9E93BD3F4}.Debug|Any CPU.ActiveCfg = Debug|Any CPU
		{5E7B4DD6-FB97-46C1-A1F7-ADF9E93BD3F4}.Debug|Any CPU.Build.0 = Debug|Any CPU
		{5E7B4DD6-FB97-46C1-A1F7-ADF9E93BD3F4}.Release|Any CPU.ActiveCfg = Release|Any CPU
		{D740A117-70A7-4786-96D6-BE86B363CCB3}.Debug|Any CPU.ActiveCfg = Debug|Any CPU
		{D740A117-70A7-4786-96D6-BE86B363CCB3}.Debug|Any CPU.Build.0 = Debug|Any CPU
		{D740A117-70A7-4786-96D6-BE86B363CCB3}.Release|Any CPU.ActiveCfg = Release|Any CPU
		{D740A117-70A7-4786-96D6-BE86B363CCB3}.Release|Any CPU.Build.0 = Release|Any CPU
		{E0F04E30-5126-4367-9170-C0C28D3B6DDA}.Debug|Any CPU.ActiveCfg = Debug|Any CPU
		{E0F04E30-5126-4367-9170-C0C28D3B6DDA}.Debug|Any CPU.Build.0 = Debug|Any CPU
		{E0F04E30-5126-4367-9170-C0C28D3B6DDA}.Release|Any CPU.ActiveCfg = Release|Any CPU
		{E0F04E30-5126-4367-9170-C0C28D3B6DDA}.Release|Any CPU.Build.0 = Release|Any CPU
		{11FB1FBC-E6BD-491F-8D4B-29A7B2093F06}.Debug|Any CPU.ActiveCfg = Debug|Any CPU
		{11FB1FBC-E6BD-491F-8D4B-29A7B2093F06}.Debug|Any CPU.Build.0 = Debug|Any CPU
		{11FB1FBC-E6BD-491F-8D4B-29A7B2093F06}.Release|Any CPU.ActiveCfg = Release|Any CPU
		{11FB1FBC-E6BD-491F-8D4B-29A7B2093F06}.Release|Any CPU.Build.0 = Release|Any CPU
		{047D8AFD-A910-45BE-ADAA-9046452CA342}.Debug|Any CPU.ActiveCfg = Debug|Any CPU
		{047D8AFD-A910-45BE-ADAA-9046452CA342}.Debug|Any CPU.Build.0 = Debug|Any CPU
		{047D8AFD-A910-45BE-ADAA-9046452CA342}.Release|Any CPU.ActiveCfg = Release|Any CPU
		{047D8AFD-A910-45BE-ADAA-9046452CA342}.Release|Any CPU.Build.0 = Release|Any CPU
	EndGlobalSection
	GlobalSection(SolutionProperties) = preSolution
		HideSolutionNode = FALSE
	EndGlobalSection
	GlobalSection(ExtensibilityGlobals) = postSolution
		SolutionGuid = {B9CBD7D2-BE32-4D66-AD83-F3CDCE4D9124}
	EndGlobalSection
EndGlobal
