
Microsoft Visual Studio Solution File, Format Version 12.00
# Visual Studio Version 17
VisualStudioVersion = 17.2.32630.192
MinimumVisualStudioVersion = 10.0.40219.1
Project("{FAE04EC0-301F-11D3-BF4B-00C04F79EFBC}") = "DAL", "DAL\DAL.csproj", "{5E7B4DD6-FB97-46C1-A1F7-ADF9E93BD3F4}"
EndProject
Project("{FAE04EC0-301F-11D3-BF4B-00C04F79EFBC}") = "ReportViewerConsoleApp", "ReportViewerConsoleApp\ReportViewerConsoleApp.csproj", "{D740A117-70A7-4786-96D6-BE86B363CCB3}"
EndProject
Global
	GlobalSection(SolutionConfigurationPlatforms) = preSolution
		Debug|Any CPU = Debug|Any CPU
		Release|Any CPU = Release|Any CPU
	EndGlobalSection
	GlobalSection(ProjectConfigurationPlatforms) = postSolution
		{5E7B4DD6-FB97-46C1-A1F7-ADF9E93BD3F4}.Debug|Any CPU.ActiveCfg = Debug|Any CPU
		{5E7B4DD6-FB97-46C1-A1F7-ADF9E93BD3F4}.Debug|Any CPU.Build.0 = Debug|Any CPU
		{5E7B4DD6-FB97-46C1-A1F7-ADF9E93BD3F4}.Release|Any CPU.ActiveCfg = Release|Any CPU
		{5E7B4DD6-FB97-46C1-A1F7-ADF9E93BD3F4}.Release|Any CPU.Build.0 = Release|Any CPU
		{D740A117-70A7-4786-96D6-BE86B363CCB3}.Debug|Any CPU.ActiveCfg = Debug|Any CPU
		{D740A117-70A7-4786-96D6-BE86B363CCB3}.Debug|Any CPU.Build.0 = Debug|Any CPU
		{D740A117-70A7-4786-96D6-BE86B363CCB3}.Release|Any CPU.ActiveCfg = Release|Any CPU
		{D740A117-70A7-4786-96D6-BE86B363CCB3}.Release|Any CPU.Build.0 = Release|Any CPU
	EndGlobalSection
	GlobalSection(SolutionProperties) = preSolution
		HideSolutionNode = FALSE
	EndGlobalSection
	GlobalSection(ExtensibilityGlobals) = postSolution
		SolutionGuid = {B9CBD7D2-BE32-4D66-AD83-F3CDCE4D9124}
	EndGlobalSection
EndGlobal
